
Microsoft Visual Studio Solution File, Format Version 12.00
# Visual Studio 15
VisualStudioVersion = 15.0.26124.0
MinimumVisualStudioVersion = 15.0.26124.0
Project("{2150E333-8FDC-42A3-9474-1A3956D46DE8}") = "1.Presentation", "1.Presentation", "{5E1BCD70-B128-11EA-8CF2-6F4FDECF3081}"
EndProject
Project("{2150E333-8FDC-42A3-9474-1A3956D46DE8}") = "2.Application", "2.Application", "{94EBA1E0-B128-11EA-8CF2-6F4FDECF3081}"
EndProject
Project("{2150E333-8FDC-42A3-9474-1A3956D46DE8}") = "3.Domain", "3.Domain", "{D4CE4EC0-B128-11EA-8CF2-6F4FDECF3081}"
EndProject
Project("{2150E333-8FDC-42A3-9474-1A3956D46DE8}") = "4.Infrastructure", "4.Infrastructure", "{F82D7BC0-B128-11EA-8CF2-6F4FDECF3081}"
EndProject
Project("{FAE04EC0-301F-11D3-BF4B-00C04F79EFBC}") = "Domain.Core", "Domain.Core\Domain.Core.csproj", "{50E46743-FD00-4EC9-B3DC-14A9ED027585}"
EndProject
Project("{FAE04EC0-301F-11D3-BF4B-00C04F79EFBC}") = "Application", "Application\Application.csproj", "{CCA1C0BA-8B9A-4A02-B452-AC0D03C26E19}"
EndProject
Project("{2150E333-8FDC-42A3-9474-1A3956D46DE8}") = "1.0.Web", "1.0.Web", "{4EF40100-B12D-11EA-8CF2-6F4FDECF3081}"
EndProject
Project("{FAE04EC0-301F-11D3-BF4B-00C04F79EFBC}") = "Domain", "Domain\Domain.csproj", "{F1C85048-05A7-4299-B723-35754F99D428}"
EndProject
Project("{FAE04EC0-301F-11D3-BF4B-00C04F79EFBC}") = "CQRS", "Infra.CQRS\CQRS.csproj", "{A83F8FFD-FACE-4C9A-8881-15308018833D}"
EndProject
Project("{FAE04EC0-301F-11D3-BF4B-00C04F79EFBC}") = "Bus", "Infra.Bus\Bus.csproj", "{AB6A4410-1E87-43DF-8EAB-D3E1E40476B4}"
EndProject
Project("{FAE04EC0-301F-11D3-BF4B-00C04F79EFBC}") = "Data", "Infra.Data\Data.csproj", "{616A4855-6338-4F64-9D9E-980927B26739}"
EndProject
Project("{FAE04EC0-301F-11D3-BF4B-00C04F79EFBC}") = "IOC", "Infra.IOC\IOC.csproj", "{7C32287E-10F1-4AE7-984C-1D4E17DFEB7F}"
EndProject
Project("{FAE04EC0-301F-11D3-BF4B-00C04F79EFBC}") = "Dashboard", "Presentation.Dashboard\Dashboard.csproj", "{E0763482-73AE-4E98-A330-C56A4046BA72}"
EndProject
Project("{2150E333-8FDC-42A3-9474-1A3956D46DE8}") = "0.Tests", "0.Tests", "{DB361D20-B596-11EA-9026-638F28BE75C4}"
EndProject
Project("{2150E333-8FDC-42A3-9474-1A3956D46DE8}") = "1.1.API", "1.1.API", "{128D4A00-B597-11EA-9026-638F28BE75C4}"
EndProject
Project("{FAE04EC0-301F-11D3-BF4B-00C04F79EFBC}") = "API", "API\API.csproj", "{3F753830-C768-4E09-99AF-B345D54EDC67}"
EndProject
Global
	GlobalSection(SolutionConfigurationPlatforms) = preSolution
		Debug|Any CPU = Debug|Any CPU
		Debug|x64 = Debug|x64
		Debug|x86 = Debug|x86
		Release|Any CPU = Release|Any CPU
		Release|x64 = Release|x64
		Release|x86 = Release|x86
	EndGlobalSection
	GlobalSection(SolutionProperties) = preSolution
		HideSolutionNode = FALSE
	EndGlobalSection
	GlobalSection(ProjectConfigurationPlatforms) = postSolution
		{50E46743-FD00-4EC9-B3DC-14A9ED027585}.Debug|Any CPU.ActiveCfg = Debug|Any CPU
		{50E46743-FD00-4EC9-B3DC-14A9ED027585}.Debug|Any CPU.Build.0 = Debug|Any CPU
		{50E46743-FD00-4EC9-B3DC-14A9ED027585}.Debug|x64.ActiveCfg = Debug|Any CPU
		{50E46743-FD00-4EC9-B3DC-14A9ED027585}.Debug|x64.Build.0 = Debug|Any CPU
		{50E46743-FD00-4EC9-B3DC-14A9ED027585}.Debug|x86.ActiveCfg = Debug|Any CPU
		{50E46743-FD00-4EC9-B3DC-14A9ED027585}.Debug|x86.Build.0 = Debug|Any CPU
		{50E46743-FD00-4EC9-B3DC-14A9ED027585}.Release|Any CPU.ActiveCfg = Release|Any CPU
		{50E46743-FD00-4EC9-B3DC-14A9ED027585}.Release|Any CPU.Build.0 = Release|Any CPU
		{50E46743-FD00-4EC9-B3DC-14A9ED027585}.Release|x64.ActiveCfg = Release|Any CPU
		{50E46743-FD00-4EC9-B3DC-14A9ED027585}.Release|x64.Build.0 = Release|Any CPU
		{50E46743-FD00-4EC9-B3DC-14A9ED027585}.Release|x86.ActiveCfg = Release|Any CPU
		{50E46743-FD00-4EC9-B3DC-14A9ED027585}.Release|x86.Build.0 = Release|Any CPU
		{CCA1C0BA-8B9A-4A02-B452-AC0D03C26E19}.Debug|Any CPU.ActiveCfg = Debug|Any CPU
		{CCA1C0BA-8B9A-4A02-B452-AC0D03C26E19}.Debug|Any CPU.Build.0 = Debug|Any CPU
		{CCA1C0BA-8B9A-4A02-B452-AC0D03C26E19}.Debug|x64.ActiveCfg = Debug|Any CPU
		{CCA1C0BA-8B9A-4A02-B452-AC0D03C26E19}.Debug|x64.Build.0 = Debug|Any CPU
		{CCA1C0BA-8B9A-4A02-B452-AC0D03C26E19}.Debug|x86.ActiveCfg = Debug|Any CPU
		{CCA1C0BA-8B9A-4A02-B452-AC0D03C26E19}.Debug|x86.Build.0 = Debug|Any CPU
		{CCA1C0BA-8B9A-4A02-B452-AC0D03C26E19}.Release|Any CPU.ActiveCfg = Release|Any CPU
		{CCA1C0BA-8B9A-4A02-B452-AC0D03C26E19}.Release|Any CPU.Build.0 = Release|Any CPU
		{CCA1C0BA-8B9A-4A02-B452-AC0D03C26E19}.Release|x64.ActiveCfg = Release|Any CPU
		{CCA1C0BA-8B9A-4A02-B452-AC0D03C26E19}.Release|x64.Build.0 = Release|Any CPU
		{CCA1C0BA-8B9A-4A02-B452-AC0D03C26E19}.Release|x86.ActiveCfg = Release|Any CPU
		{CCA1C0BA-8B9A-4A02-B452-AC0D03C26E19}.Release|x86.Build.0 = Release|Any CPU
		{F1C85048-05A7-4299-B723-35754F99D428}.Debug|Any CPU.ActiveCfg = Debug|Any CPU
		{F1C85048-05A7-4299-B723-35754F99D428}.Debug|Any CPU.Build.0 = Debug|Any CPU
		{F1C85048-05A7-4299-B723-35754F99D428}.Debug|x64.ActiveCfg = Debug|Any CPU
		{F1C85048-05A7-4299-B723-35754F99D428}.Debug|x64.Build.0 = Debug|Any CPU
		{F1C85048-05A7-4299-B723-35754F99D428}.Debug|x86.ActiveCfg = Debug|Any CPU
		{F1C85048-05A7-4299-B723-35754F99D428}.Debug|x86.Build.0 = Debug|Any CPU
		{F1C85048-05A7-4299-B723-35754F99D428}.Release|Any CPU.ActiveCfg = Release|Any CPU
		{F1C85048-05A7-4299-B723-35754F99D428}.Release|Any CPU.Build.0 = Release|Any CPU
		{F1C85048-05A7-4299-B723-35754F99D428}.Release|x64.ActiveCfg = Release|Any CPU
		{F1C85048-05A7-4299-B723-35754F99D428}.Release|x64.Build.0 = Release|Any CPU
		{F1C85048-05A7-4299-B723-35754F99D428}.Release|x86.ActiveCfg = Release|Any CPU
		{F1C85048-05A7-4299-B723-35754F99D428}.Release|x86.Build.0 = Release|Any CPU
		{A83F8FFD-FACE-4C9A-8881-15308018833D}.Debug|Any CPU.ActiveCfg = Debug|Any CPU
		{A83F8FFD-FACE-4C9A-8881-15308018833D}.Debug|Any CPU.Build.0 = Debug|Any CPU
		{A83F8FFD-FACE-4C9A-8881-15308018833D}.Debug|x64.ActiveCfg = Debug|Any CPU
		{A83F8FFD-FACE-4C9A-8881-15308018833D}.Debug|x64.Build.0 = Debug|Any CPU
		{A83F8FFD-FACE-4C9A-8881-15308018833D}.Debug|x86.ActiveCfg = Debug|Any CPU
		{A83F8FFD-FACE-4C9A-8881-15308018833D}.Debug|x86.Build.0 = Debug|Any CPU
		{A83F8FFD-FACE-4C9A-8881-15308018833D}.Release|Any CPU.ActiveCfg = Release|Any CPU
		{A83F8FFD-FACE-4C9A-8881-15308018833D}.Release|Any CPU.Build.0 = Release|Any CPU
		{A83F8FFD-FACE-4C9A-8881-15308018833D}.Release|x64.ActiveCfg = Release|Any CPU
		{A83F8FFD-FACE-4C9A-8881-15308018833D}.Release|x64.Build.0 = Release|Any CPU
		{A83F8FFD-FACE-4C9A-8881-15308018833D}.Release|x86.ActiveCfg = Release|Any CPU
		{A83F8FFD-FACE-4C9A-8881-15308018833D}.Release|x86.Build.0 = Release|Any CPU
		{AB6A4410-1E87-43DF-8EAB-D3E1E40476B4}.Debug|Any CPU.ActiveCfg = Debug|Any CPU
		{AB6A4410-1E87-43DF-8EAB-D3E1E40476B4}.Debug|Any CPU.Build.0 = Debug|Any CPU
		{AB6A4410-1E87-43DF-8EAB-D3E1E40476B4}.Debug|x64.ActiveCfg = Debug|Any CPU
		{AB6A4410-1E87-43DF-8EAB-D3E1E40476B4}.Debug|x64.Build.0 = Debug|Any CPU
		{AB6A4410-1E87-43DF-8EAB-D3E1E40476B4}.Debug|x86.ActiveCfg = Debug|Any CPU
		{AB6A4410-1E87-43DF-8EAB-D3E1E40476B4}.Debug|x86.Build.0 = Debug|Any CPU
		{AB6A4410-1E87-43DF-8EAB-D3E1E40476B4}.Release|Any CPU.ActiveCfg = Release|Any CPU
		{AB6A4410-1E87-43DF-8EAB-D3E1E40476B4}.Release|Any CPU.Build.0 = Release|Any CPU
		{AB6A4410-1E87-43DF-8EAB-D3E1E40476B4}.Release|x64.ActiveCfg = Release|Any CPU
		{AB6A4410-1E87-43DF-8EAB-D3E1E40476B4}.Release|x64.Build.0 = Release|Any CPU
		{AB6A4410-1E87-43DF-8EAB-D3E1E40476B4}.Release|x86.ActiveCfg = Release|Any CPU
		{AB6A4410-1E87-43DF-8EAB-D3E1E40476B4}.Release|x86.Build.0 = Release|Any CPU
		{616A4855-6338-4F64-9D9E-980927B26739}.Debug|Any CPU.ActiveCfg = Debug|Any CPU
		{616A4855-6338-4F64-9D9E-980927B26739}.Debug|Any CPU.Build.0 = Debug|Any CPU
		{616A4855-6338-4F64-9D9E-980927B26739}.Debug|x64.ActiveCfg = Debug|Any CPU
		{616A4855-6338-4F64-9D9E-980927B26739}.Debug|x64.Build.0 = Debug|Any CPU
		{616A4855-6338-4F64-9D9E-980927B26739}.Debug|x86.ActiveCfg = Debug|Any CPU
		{616A4855-6338-4F64-9D9E-980927B26739}.Debug|x86.Build.0 = Debug|Any CPU
		{616A4855-6338-4F64-9D9E-980927B26739}.Release|Any CPU.ActiveCfg = Release|Any CPU
		{616A4855-6338-4F64-9D9E-980927B26739}.Release|Any CPU.Build.0 = Release|Any CPU
		{616A4855-6338-4F64-9D9E-980927B26739}.Release|x64.ActiveCfg = Release|Any CPU
		{616A4855-6338-4F64-9D9E-980927B26739}.Release|x64.Build.0 = Release|Any CPU
		{616A4855-6338-4F64-9D9E-980927B26739}.Release|x86.ActiveCfg = Release|Any CPU
		{616A4855-6338-4F64-9D9E-980927B26739}.Release|x86.Build.0 = Release|Any CPU
		{7C32287E-10F1-4AE7-984C-1D4E17DFEB7F}.Debug|Any CPU.ActiveCfg = Debug|Any CPU
		{7C32287E-10F1-4AE7-984C-1D4E17DFEB7F}.Debug|Any CPU.Build.0 = Debug|Any CPU
		{7C32287E-10F1-4AE7-984C-1D4E17DFEB7F}.Debug|x64.ActiveCfg = Debug|Any CPU
		{7C32287E-10F1-4AE7-984C-1D4E17DFEB7F}.Debug|x64.Build.0 = Debug|Any CPU
		{7C32287E-10F1-4AE7-984C-1D4E17DFEB7F}.Debug|x86.ActiveCfg = Debug|Any CPU
		{7C32287E-10F1-4AE7-984C-1D4E17DFEB7F}.Debug|x86.Build.0 = Debug|Any CPU
		{7C32287E-10F1-4AE7-984C-1D4E17DFEB7F}.Release|Any CPU.ActiveCfg = Release|Any CPU
		{7C32287E-10F1-4AE7-984C-1D4E17DFEB7F}.Release|Any CPU.Build.0 = Release|Any CPU
		{7C32287E-10F1-4AE7-984C-1D4E17DFEB7F}.Release|x64.ActiveCfg = Release|Any CPU
		{7C32287E-10F1-4AE7-984C-1D4E17DFEB7F}.Release|x64.Build.0 = Release|Any CPU
		{7C32287E-10F1-4AE7-984C-1D4E17DFEB7F}.Release|x86.ActiveCfg = Release|Any CPU
		{7C32287E-10F1-4AE7-984C-1D4E17DFEB7F}.Release|x86.Build.0 = Release|Any CPU
		{E0763482-73AE-4E98-A330-C56A4046BA72}.Debug|Any CPU.ActiveCfg = Debug|Any CPU
		{E0763482-73AE-4E98-A330-C56A4046BA72}.Debug|Any CPU.Build.0 = Debug|Any CPU
		{E0763482-73AE-4E98-A330-C56A4046BA72}.Debug|x64.ActiveCfg = Debug|Any CPU
		{E0763482-73AE-4E98-A330-C56A4046BA72}.Debug|x64.Build.0 = Debug|Any CPU
		{E0763482-73AE-4E98-A330-C56A4046BA72}.Debug|x86.ActiveCfg = Debug|Any CPU
		{E0763482-73AE-4E98-A330-C56A4046BA72}.Debug|x86.Build.0 = Debug|Any CPU
		{E0763482-73AE-4E98-A330-C56A4046BA72}.Release|Any CPU.ActiveCfg = Release|Any CPU
		{E0763482-73AE-4E98-A330-C56A4046BA72}.Release|Any CPU.Build.0 = Release|Any CPU
		{E0763482-73AE-4E98-A330-C56A4046BA72}.Release|x64.ActiveCfg = Release|Any CPU
		{E0763482-73AE-4E98-A330-C56A4046BA72}.Release|x64.Build.0 = Release|Any CPU
		{E0763482-73AE-4E98-A330-C56A4046BA72}.Release|x86.ActiveCfg = Release|Any CPU
		{E0763482-73AE-4E98-A330-C56A4046BA72}.Release|x86.Build.0 = Release|Any CPU
		{3F753830-C768-4E09-99AF-B345D54EDC67}.Debug|Any CPU.ActiveCfg = Debug|Any CPU
		{3F753830-C768-4E09-99AF-B345D54EDC67}.Debug|Any CPU.Build.0 = Debug|Any CPU
		{3F753830-C768-4E09-99AF-B345D54EDC67}.Debug|x64.ActiveCfg = Debug|Any CPU
		{3F753830-C768-4E09-99AF-B345D54EDC67}.Debug|x64.Build.0 = Debug|Any CPU
		{3F753830-C768-4E09-99AF-B345D54EDC67}.Debug|x86.ActiveCfg = Debug|Any CPU
		{3F753830-C768-4E09-99AF-B345D54EDC67}.Debug|x86.Build.0 = Debug|Any CPU
		{3F753830-C768-4E09-99AF-B345D54EDC67}.Release|Any CPU.ActiveCfg = Release|Any CPU
		{3F753830-C768-4E09-99AF-B345D54EDC67}.Release|Any CPU.Build.0 = Release|Any CPU
		{3F753830-C768-4E09-99AF-B345D54EDC67}.Release|x64.ActiveCfg = Release|Any CPU
		{3F753830-C768-4E09-99AF-B345D54EDC67}.Release|x64.Build.0 = Release|Any CPU
		{3F753830-C768-4E09-99AF-B345D54EDC67}.Release|x86.ActiveCfg = Release|Any CPU
		{3F753830-C768-4E09-99AF-B345D54EDC67}.Release|x86.Build.0 = Release|Any CPU
	EndGlobalSection
	GlobalSection(NestedProjects) = preSolution
		{3F753830-C768-4E09-99AF-B345D54EDC67} = {128D4A00-B597-11EA-9026-638F28BE75C4}
		{128D4A00-B597-11EA-9026-638F28BE75C4} = {5E1BCD70-B128-11EA-8CF2-6F4FDECF3081}
		{E0763482-73AE-4E98-A330-C56A4046BA72} = {4EF40100-B12D-11EA-8CF2-6F4FDECF3081}
		{7C32287E-10F1-4AE7-984C-1D4E17DFEB7F} = {F82D7BC0-B128-11EA-8CF2-6F4FDECF3081}
		{616A4855-6338-4F64-9D9E-980927B26739} = {F82D7BC0-B128-11EA-8CF2-6F4FDECF3081}
		{AB6A4410-1E87-43DF-8EAB-D3E1E40476B4} = {F82D7BC0-B128-11EA-8CF2-6F4FDECF3081}
		{A83F8FFD-FACE-4C9A-8881-15308018833D} = {F82D7BC0-B128-11EA-8CF2-6F4FDECF3081}
		{F1C85048-05A7-4299-B723-35754F99D428} = {D4CE4EC0-B128-11EA-8CF2-6F4FDECF3081}
		{4EF40100-B12D-11EA-8CF2-6F4FDECF3081} = {5E1BCD70-B128-11EA-8CF2-6F4FDECF3081}
		{CCA1C0BA-8B9A-4A02-B452-AC0D03C26E19} = {94EBA1E0-B128-11EA-8CF2-6F4FDECF3081}
		{50E46743-FD00-4EC9-B3DC-14A9ED027585} = {D4CE4EC0-B128-11EA-8CF2-6F4FDECF3081}
	EndGlobalSection
EndGlobal
